
Microsoft Visual Studio Solution File, Format Version 12.00
# Visual Studio Version 17
VisualStudioVersion = 17.3.32929.385
MinimumVisualStudioVersion = 10.0.40219.1
Project("{9A19103F-16F7-4668-BE54-9A1E7A4F7556}") = "Server", "Server\Server.csproj", "{2F42EDD6-9D90-456F-A6E5-1AC4483DF31A}"
EndProject
Project("{9A19103F-16F7-4668-BE54-9A1E7A4F7556}") = "MainModule", "MainModule\MainModule.csproj", "{264066B9-5603-494E-ADDA-399ECFCA047D}"
EndProject
Project("{FAE04EC0-301F-11D3-BF4B-00C04F79EFBC}") = "BullsAndCows.Server.Net", "BullsAndCows.Server.Net\BullsAndCows.Server.Net.csproj", "{3F8D3E00-F381-4C02-8DF4-877E5A3780DB}"
EndProject
Project("{FAE04EC0-301F-11D3-BF4B-00C04F79EFBC}") = "BullsAndCows.Infrastructure", "..\BullsAndCows.Infrastructure\BullsAndCows.Infrastructure.csproj", "{6C694380-4B17-4956-B4DF-E3F7F0D5219D}"
EndProject
Project("{FAE04EC0-301F-11D3-BF4B-00C04F79EFBC}") = "BullsAndCows.Infrastructure.Style", "..\BullsAndCows.Infrastructure.Style\BullsAndCows.Infrastructure.Style.csproj", "{5C247225-C2F7-4C9F-803D-1D78DB601A5B}"
EndProject
Project("{FAE04EC0-301F-11D3-BF4B-00C04F79EFBC}") = "BullsAndCows.Infrastructure.Utils", "..\BullsAndCows.Infrastructure.Utils\BullsAndCows.Infrastructure.Utils.csproj", "{F3957B95-008F-4EEE-B28E-B61614D171A9}"
EndProject
Project("{8BC9CEB8-8B4A-11D0-8D11-00A0C91BC942}") = "Types", "..\Types\Types.vcxproj", "{282C3A69-FD93-4FF3-927D-7477E6EFD452}"
EndProject
Project("{FAE04EC0-301F-11D3-BF4B-00C04F79EFBC}") = "RTIWrapper", "..\..\Bulls-and-Cows\RTIWrapper\RTIWrapper.csproj", "{02F44350-CAC1-4F69-82DA-28D0F180946A}"
EndProject
Global
	GlobalSection(SolutionConfigurationPlatforms) = preSolution
		Debug|Any CPU = Debug|Any CPU
		Debug|x64 = Debug|x64
		Debug|x86 = Debug|x86
		Release|Any CPU = Release|Any CPU
		Release|x64 = Release|x64
		Release|x86 = Release|x86
	EndGlobalSection
	GlobalSection(ProjectConfigurationPlatforms) = postSolution
		{2F42EDD6-9D90-456F-A6E5-1AC4483DF31A}.Debug|Any CPU.ActiveCfg = Debug|Any CPU
		{2F42EDD6-9D90-456F-A6E5-1AC4483DF31A}.Debug|Any CPU.Build.0 = Debug|Any CPU
		{2F42EDD6-9D90-456F-A6E5-1AC4483DF31A}.Debug|x64.ActiveCfg = Debug|Any CPU
		{2F42EDD6-9D90-456F-A6E5-1AC4483DF31A}.Debug|x64.Build.0 = Debug|Any CPU
		{2F42EDD6-9D90-456F-A6E5-1AC4483DF31A}.Debug|x86.ActiveCfg = Debug|Any CPU
		{2F42EDD6-9D90-456F-A6E5-1AC4483DF31A}.Debug|x86.Build.0 = Debug|Any CPU
		{2F42EDD6-9D90-456F-A6E5-1AC4483DF31A}.Release|Any CPU.ActiveCfg = Release|Any CPU
		{2F42EDD6-9D90-456F-A6E5-1AC4483DF31A}.Release|Any CPU.Build.0 = Release|Any CPU
		{2F42EDD6-9D90-456F-A6E5-1AC4483DF31A}.Release|x64.ActiveCfg = Release|Any CPU
		{2F42EDD6-9D90-456F-A6E5-1AC4483DF31A}.Release|x64.Build.0 = Release|Any CPU
		{2F42EDD6-9D90-456F-A6E5-1AC4483DF31A}.Release|x86.ActiveCfg = Release|Any CPU
		{2F42EDD6-9D90-456F-A6E5-1AC4483DF31A}.Release|x86.Build.0 = Release|Any CPU
		{264066B9-5603-494E-ADDA-399ECFCA047D}.Debug|Any CPU.ActiveCfg = Debug|Any CPU
		{264066B9-5603-494E-ADDA-399ECFCA047D}.Debug|Any CPU.Build.0 = Debug|Any CPU
		{264066B9-5603-494E-ADDA-399ECFCA047D}.Debug|x64.ActiveCfg = Debug|Any CPU
		{264066B9-5603-494E-ADDA-399ECFCA047D}.Debug|x64.Build.0 = Debug|Any CPU
		{264066B9-5603-494E-ADDA-399ECFCA047D}.Debug|x86.ActiveCfg = Debug|Any CPU
		{264066B9-5603-494E-ADDA-399ECFCA047D}.Debug|x86.Build.0 = Debug|Any CPU
		{264066B9-5603-494E-ADDA-399ECFCA047D}.Release|Any CPU.ActiveCfg = Release|Any CPU
		{264066B9-5603-494E-ADDA-399ECFCA047D}.Release|Any CPU.Build.0 = Release|Any CPU
		{264066B9-5603-494E-ADDA-399ECFCA047D}.Release|x64.ActiveCfg = Release|Any CPU
		{264066B9-5603-494E-ADDA-399ECFCA047D}.Release|x64.Build.0 = Release|Any CPU
		{264066B9-5603-494E-ADDA-399ECFCA047D}.Release|x86.ActiveCfg = Release|Any CPU
		{264066B9-5603-494E-ADDA-399ECFCA047D}.Release|x86.Build.0 = Release|Any CPU
		{3F8D3E00-F381-4C02-8DF4-877E5A3780DB}.Debug|Any CPU.ActiveCfg = Debug|Any CPU
		{3F8D3E00-F381-4C02-8DF4-877E5A3780DB}.Debug|Any CPU.Build.0 = Debug|Any CPU
		{3F8D3E00-F381-4C02-8DF4-877E5A3780DB}.Debug|x64.ActiveCfg = Debug|Any CPU
		{3F8D3E00-F381-4C02-8DF4-877E5A3780DB}.Debug|x64.Build.0 = Debug|Any CPU
		{3F8D3E00-F381-4C02-8DF4-877E5A3780DB}.Debug|x86.ActiveCfg = Debug|Any CPU
		{3F8D3E00-F381-4C02-8DF4-877E5A3780DB}.Debug|x86.Build.0 = Debug|Any CPU
		{3F8D3E00-F381-4C02-8DF4-877E5A3780DB}.Release|Any CPU.ActiveCfg = Release|Any CPU
		{3F8D3E00-F381-4C02-8DF4-877E5A3780DB}.Release|Any CPU.Build.0 = Release|Any CPU
		{3F8D3E00-F381-4C02-8DF4-877E5A3780DB}.Release|x64.ActiveCfg = Release|Any CPU
		{3F8D3E00-F381-4C02-8DF4-877E5A3780DB}.Release|x64.Build.0 = Release|Any CPU
		{3F8D3E00-F381-4C02-8DF4-877E5A3780DB}.Release|x86.ActiveCfg = Release|Any CPU
		{3F8D3E00-F381-4C02-8DF4-877E5A3780DB}.Release|x86.Build.0 = Release|Any CPU
		{6C694380-4B17-4956-B4DF-E3F7F0D5219D}.Debug|Any CPU.ActiveCfg = Debug|Any CPU
		{6C694380-4B17-4956-B4DF-E3F7F0D5219D}.Debug|Any CPU.Build.0 = Debug|Any CPU
		{6C694380-4B17-4956-B4DF-E3F7F0D5219D}.Debug|x64.ActiveCfg = Debug|Any CPU
		{6C694380-4B17-4956-B4DF-E3F7F0D5219D}.Debug|x64.Build.0 = Debug|Any CPU
		{6C694380-4B17-4956-B4DF-E3F7F0D5219D}.Debug|x86.ActiveCfg = Debug|Any CPU
		{6C694380-4B17-4956-B4DF-E3F7F0D5219D}.Debug|x86.Build.0 = Debug|Any CPU
		{6C694380-4B17-4956-B4DF-E3F7F0D5219D}.Release|Any CPU.ActiveCfg = Release|Any CPU
		{6C694380-4B17-4956-B4DF-E3F7F0D5219D}.Release|Any CPU.Build.0 = Release|Any CPU
		{6C694380-4B17-4956-B4DF-E3F7F0D5219D}.Release|x64.ActiveCfg = Release|Any CPU
		{6C694380-4B17-4956-B4DF-E3F7F0D5219D}.Release|x64.Build.0 = Release|Any CPU
		{6C694380-4B17-4956-B4DF-E3F7F0D5219D}.Release|x86.ActiveCfg = Release|Any CPU
		{6C694380-4B17-4956-B4DF-E3F7F0D5219D}.Release|x86.Build.0 = Release|Any CPU
		{5C247225-C2F7-4C9F-803D-1D78DB601A5B}.Debug|Any CPU.ActiveCfg = Debug|Any CPU
		{5C247225-C2F7-4C9F-803D-1D78DB601A5B}.Debug|Any CPU.Build.0 = Debug|Any CPU
		{5C247225-C2F7-4C9F-803D-1D78DB601A5B}.Debug|x64.ActiveCfg = Debug|Any CPU
		{5C247225-C2F7-4C9F-803D-1D78DB601A5B}.Debug|x64.Build.0 = Debug|Any CPU
		{5C247225-C2F7-4C9F-803D-1D78DB601A5B}.Debug|x86.ActiveCfg = Debug|Any CPU
		{5C247225-C2F7-4C9F-803D-1D78DB601A5B}.Debug|x86.Build.0 = Debug|Any CPU
		{5C247225-C2F7-4C9F-803D-1D78DB601A5B}.Release|Any CPU.ActiveCfg = Release|Any CPU
		{5C247225-C2F7-4C9F-803D-1D78DB601A5B}.Release|Any CPU.Build.0 = Release|Any CPU
		{5C247225-C2F7-4C9F-803D-1D78DB601A5B}.Release|x64.ActiveCfg = Release|Any CPU
		{5C247225-C2F7-4C9F-803D-1D78DB601A5B}.Release|x64.Build.0 = Release|Any CPU
		{5C247225-C2F7-4C9F-803D-1D78DB601A5B}.Release|x86.ActiveCfg = Release|Any CPU
		{5C247225-C2F7-4C9F-803D-1D78DB601A5B}.Release|x86.Build.0 = Release|Any CPU
		{F3957B95-008F-4EEE-B28E-B61614D171A9}.Debug|Any CPU.ActiveCfg = Debug|Any CPU
		{F3957B95-008F-4EEE-B28E-B61614D171A9}.Debug|Any CPU.Build.0 = Debug|Any CPU
		{F3957B95-008F-4EEE-B28E-B61614D171A9}.Debug|x64.ActiveCfg = Debug|Any CPU
		{F3957B95-008F-4EEE-B28E-B61614D171A9}.Debug|x64.Build.0 = Debug|Any CPU
		{F3957B95-008F-4EEE-B28E-B61614D171A9}.Debug|x86.ActiveCfg = Debug|Any CPU
		{F3957B95-008F-4EEE-B28E-B61614D171A9}.Debug|x86.Build.0 = Debug|Any CPU
		{F3957B95-008F-4EEE-B28E-B61614D171A9}.Release|Any CPU.ActiveCfg = Release|Any CPU
		{F3957B95-008F-4EEE-B28E-B61614D171A9}.Release|Any CPU.Build.0 = Release|Any CPU
		{F3957B95-008F-4EEE-B28E-B61614D171A9}.Release|x64.ActiveCfg = Release|Any CPU
		{F3957B95-008F-4EEE-B28E-B61614D171A9}.Release|x64.Build.0 = Release|Any CPU
		{F3957B95-008F-4EEE-B28E-B61614D171A9}.Release|x86.ActiveCfg = Release|Any CPU
		{F3957B95-008F-4EEE-B28E-B61614D171A9}.Release|x86.Build.0 = Release|Any CPU
		{282C3A69-FD93-4FF3-927D-7477E6EFD452}.Debug|Any CPU.ActiveCfg = Debug|x64
		{282C3A69-FD93-4FF3-927D-7477E6EFD452}.Debug|Any CPU.Build.0 = Debug|x64
		{282C3A69-FD93-4FF3-927D-7477E6EFD452}.Debug|x64.ActiveCfg = Debug|x64
		{282C3A69-FD93-4FF3-927D-7477E6EFD452}.Debug|x64.Build.0 = Debug|x64
		{282C3A69-FD93-4FF3-927D-7477E6EFD452}.Debug|x86.ActiveCfg = Debug|Win32
		{282C3A69-FD93-4FF3-927D-7477E6EFD452}.Debug|x86.Build.0 = Debug|Win32
		{282C3A69-FD93-4FF3-927D-7477E6EFD452}.Release|Any CPU.ActiveCfg = Release|x64
		{282C3A69-FD93-4FF3-927D-7477E6EFD452}.Release|Any CPU.Build.0 = Release|x64
		{282C3A69-FD93-4FF3-927D-7477E6EFD452}.Release|x64.ActiveCfg = Release|x64
		{282C3A69-FD93-4FF3-927D-7477E6EFD452}.Release|x64.Build.0 = Release|x64
		{282C3A69-FD93-4FF3-927D-7477E6EFD452}.Release|x86.ActiveCfg = Release|Win32
		{282C3A69-FD93-4FF3-927D-7477E6EFD452}.Release|x86.Build.0 = Release|Win32
		{02F44350-CAC1-4F69-82DA-28D0F180946A}.Debug|Any CPU.ActiveCfg = Debug|Any CPU
		{02F44350-CAC1-4F69-82DA-28D0F180946A}.Debug|Any CPU.Build.0 = Debug|Any CPU
		{02F44350-CAC1-4F69-82DA-28D0F180946A}.Debug|x64.ActiveCfg = Debug|x64
		{02F44350-CAC1-4F69-82DA-28D0F180946A}.Debug|x64.Build.0 = Debug|x64
		{02F44350-CAC1-4F69-82DA-28D0F180946A}.Debug|x86.ActiveCfg = Debug|Any CPU
		{02F44350-CAC1-4F69-82DA-28D0F180946A}.Debug|x86.Build.0 = Debug|Any CPU
		{02F44350-CAC1-4F69-82DA-28D0F180946A}.Release|Any CPU.ActiveCfg = Release|Any CPU
		{02F44350-CAC1-4F69-82DA-28D0F180946A}.Release|Any CPU.Build.0 = Release|Any CPU
		{02F44350-CAC1-4F69-82DA-28D0F180946A}.Release|x64.ActiveCfg = Release|x64
		{02F44350-CAC1-4F69-82DA-28D0F180946A}.Release|x64.Build.0 = Release|x64
		{02F44350-CAC1-4F69-82DA-28D0F180946A}.Release|x86.ActiveCfg = Release|Any CPU
		{02F44350-CAC1-4F69-82DA-28D0F180946A}.Release|x86.Build.0 = Release|Any CPU
	EndGlobalSection
	GlobalSection(SolutionProperties) = preSolution
		HideSolutionNode = FALSE
	EndGlobalSection
	GlobalSection(ExtensibilityGlobals) = postSolution
		SolutionGuid = {CD25F71F-041C-411C-BA20-71717463AE2D}
	EndGlobalSection
EndGlobal
