
Microsoft Visual Studio Solution File, Format Version 12.00
# Visual Studio Version 17
VisualStudioVersion = 17.3.32929.385
MinimumVisualStudioVersion = 10.0.40219.1
Project("{FAE04EC0-301F-11D3-BF4B-00C04F79EFBC}") = "RTIWrapper", "..\RTIWrapper\RTIWrapper.csproj", "{02F44350-CAC1-4F69-82DA-28D0F180946A}"
EndProject
Project("{FAE04EC0-301F-11D3-BF4B-00C04F79EFBC}") = "BullsAndCows.Client.Net", "BullsAndCows.Client.Net\BullsAndCows.Client.Net.csproj", "{266C4335-B887-4CCF-BD50-BFFE253E2EEC}"
EndProject
Project("{FAE04EC0-301F-11D3-BF4B-00C04F79EFBC}") = "BullsAndCows.Infrastructure", "..\BullsAndCows.Infrastructure\BullsAndCows.Infrastructure.csproj", "{6C694380-4B17-4956-B4DF-E3F7F0D5219D}"
EndProject
Project("{FAE04EC0-301F-11D3-BF4B-00C04F79EFBC}") = "BullsAndCows.Infrastructure.Utils", "..\BullsAndCows.Infrastructure.Utils\BullsAndCows.Infrastructure.Utils.csproj", "{F3957B95-008F-4EEE-B28E-B61614D171A9}"
EndProject
Project("{8BC9CEB8-8B4A-11D0-8D11-00A0C91BC942}") = "Types", "..\Types\Types.vcxproj", "{282C3A69-FD93-4FF3-927D-7477E6EFD452}"
EndProject
Project("{FAE04EC0-301F-11D3-BF4B-00C04F79EFBC}") = "BullsAndCows.Client.Views", "BullsAndCows.Client.Views\BullsAndCows.Client.Views.csproj", "{A7A4E6C2-11CE-470B-9F02-FEE17A25E319}"
EndProject
Project("{FAE04EC0-301F-11D3-BF4B-00C04F79EFBC}") = "BullsAndCows.Infrastructure.Style", "..\BullsAndCows.Infrastructure.Style\BullsAndCows.Infrastructure.Style.csproj", "{5C247225-C2F7-4C9F-803D-1D78DB601A5B}"
EndProject
Project("{9A19103F-16F7-4668-BE54-9A1E7A4F7556}") = "BullsAndCows.Client.MainModule", "BullsAndCows.Client.MainModule\BullsAndCows.Client.MainModule.csproj", "{06977031-4BCC-40B9-A030-ABE23F47C47C}"
EndProject
Project("{FAE04EC0-301F-11D3-BF4B-00C04F79EFBC}") = "BullsAndCows.Client", "BullsAndCows.Client\BullsAndCows.Client.csproj", "{1FBA7816-1EEB-4A80-A26D-DA255B7BEFEE}"
EndProject
Global
	GlobalSection(SolutionConfigurationPlatforms) = preSolution
		Debug|Any CPU = Debug|Any CPU
		Debug|x64 = Debug|x64
		Debug|x86 = Debug|x86
		Release|Any CPU = Release|Any CPU
		Release|x64 = Release|x64
		Release|x86 = Release|x86
	EndGlobalSection
	GlobalSection(ProjectConfigurationPlatforms) = postSolution
		{02F44350-CAC1-4F69-82DA-28D0F180946A}.Debug|Any CPU.ActiveCfg = Debug|Any CPU
		{02F44350-CAC1-4F69-82DA-28D0F180946A}.Debug|Any CPU.Build.0 = Debug|Any CPU
		{02F44350-CAC1-4F69-82DA-28D0F180946A}.Debug|x64.ActiveCfg = Debug|x64
		{02F44350-CAC1-4F69-82DA-28D0F180946A}.Debug|x64.Build.0 = Debug|x64
		{02F44350-CAC1-4F69-82DA-28D0F180946A}.Debug|x86.ActiveCfg = Debug|Any CPU
		{02F44350-CAC1-4F69-82DA-28D0F180946A}.Debug|x86.Build.0 = Debug|Any CPU
		{02F44350-CAC1-4F69-82DA-28D0F180946A}.Release|Any CPU.ActiveCfg = Release|Any CPU
		{02F44350-CAC1-4F69-82DA-28D0F180946A}.Release|Any CPU.Build.0 = Release|Any CPU
		{02F44350-CAC1-4F69-82DA-28D0F180946A}.Release|x64.ActiveCfg = Release|x64
		{02F44350-CAC1-4F69-82DA-28D0F180946A}.Release|x64.Build.0 = Release|x64
		{02F44350-CAC1-4F69-82DA-28D0F180946A}.Release|x86.ActiveCfg = Release|Any CPU
		{02F44350-CAC1-4F69-82DA-28D0F180946A}.Release|x86.Build.0 = Release|Any CPU
		{266C4335-B887-4CCF-BD50-BFFE253E2EEC}.Debug|Any CPU.ActiveCfg = Debug|Any CPU
		{266C4335-B887-4CCF-BD50-BFFE253E2EEC}.Debug|Any CPU.Build.0 = Debug|Any CPU
		{266C4335-B887-4CCF-BD50-BFFE253E2EEC}.Debug|x64.ActiveCfg = Debug|Any CPU
		{266C4335-B887-4CCF-BD50-BFFE253E2EEC}.Debug|x64.Build.0 = Debug|Any CPU
		{266C4335-B887-4CCF-BD50-BFFE253E2EEC}.Debug|x86.ActiveCfg = Debug|Any CPU
		{266C4335-B887-4CCF-BD50-BFFE253E2EEC}.Debug|x86.Build.0 = Debug|Any CPU
		{266C4335-B887-4CCF-BD50-BFFE253E2EEC}.Release|Any CPU.ActiveCfg = Release|Any CPU
		{266C4335-B887-4CCF-BD50-BFFE253E2EEC}.Release|Any CPU.Build.0 = Release|Any CPU
		{266C4335-B887-4CCF-BD50-BFFE253E2EEC}.Release|x64.ActiveCfg = Release|Any CPU
		{266C4335-B887-4CCF-BD50-BFFE253E2EEC}.Release|x64.Build.0 = Release|Any CPU
		{266C4335-B887-4CCF-BD50-BFFE253E2EEC}.Release|x86.ActiveCfg = Release|Any CPU
		{266C4335-B887-4CCF-BD50-BFFE253E2EEC}.Release|x86.Build.0 = Release|Any CPU
		{6C694380-4B17-4956-B4DF-E3F7F0D5219D}.Debug|Any CPU.ActiveCfg = Debug|Any CPU
		{6C694380-4B17-4956-B4DF-E3F7F0D5219D}.Debug|Any CPU.Build.0 = Debug|Any CPU
		{6C694380-4B17-4956-B4DF-E3F7F0D5219D}.Debug|x64.ActiveCfg = Debug|Any CPU
		{6C694380-4B17-4956-B4DF-E3F7F0D5219D}.Debug|x64.Build.0 = Debug|Any CPU
		{6C694380-4B17-4956-B4DF-E3F7F0D5219D}.Debug|x86.ActiveCfg = Debug|Any CPU
		{6C694380-4B17-4956-B4DF-E3F7F0D5219D}.Debug|x86.Build.0 = Debug|Any CPU
		{6C694380-4B17-4956-B4DF-E3F7F0D5219D}.Release|Any CPU.ActiveCfg = Release|Any CPU
		{6C694380-4B17-4956-B4DF-E3F7F0D5219D}.Release|Any CPU.Build.0 = Release|Any CPU
		{6C694380-4B17-4956-B4DF-E3F7F0D5219D}.Release|x64.ActiveCfg = Release|Any CPU
		{6C694380-4B17-4956-B4DF-E3F7F0D5219D}.Release|x64.Build.0 = Release|Any CPU
		{6C694380-4B17-4956-B4DF-E3F7F0D5219D}.Release|x86.ActiveCfg = Release|Any CPU
		{6C694380-4B17-4956-B4DF-E3F7F0D5219D}.Release|x86.Build.0 = Release|Any CPU
		{F3957B95-008F-4EEE-B28E-B61614D171A9}.Debug|Any CPU.ActiveCfg = Debug|Any CPU
		{F3957B95-008F-4EEE-B28E-B61614D171A9}.Debug|Any CPU.Build.0 = Debug|Any CPU
		{F3957B95-008F-4EEE-B28E-B61614D171A9}.Debug|x64.ActiveCfg = Debug|Any CPU
		{F3957B95-008F-4EEE-B28E-B61614D171A9}.Debug|x64.Build.0 = Debug|Any CPU
		{F3957B95-008F-4EEE-B28E-B61614D171A9}.Debug|x86.ActiveCfg = Debug|Any CPU
		{F3957B95-008F-4EEE-B28E-B61614D171A9}.Debug|x86.Build.0 = Debug|Any CPU
		{F3957B95-008F-4EEE-B28E-B61614D171A9}.Release|Any CPU.ActiveCfg = Release|Any CPU
		{F3957B95-008F-4EEE-B28E-B61614D171A9}.Release|Any CPU.Build.0 = Release|Any CPU
		{F3957B95-008F-4EEE-B28E-B61614D171A9}.Release|x64.ActiveCfg = Release|Any CPU
		{F3957B95-008F-4EEE-B28E-B61614D171A9}.Release|x64.Build.0 = Release|Any CPU
		{F3957B95-008F-4EEE-B28E-B61614D171A9}.Release|x86.ActiveCfg = Release|Any CPU
		{F3957B95-008F-4EEE-B28E-B61614D171A9}.Release|x86.Build.0 = Release|Any CPU
		{282C3A69-FD93-4FF3-927D-7477E6EFD452}.Debug|Any CPU.ActiveCfg = Debug|Win32
		{282C3A69-FD93-4FF3-927D-7477E6EFD452}.Debug|x64.ActiveCfg = Debug|x64
		{282C3A69-FD93-4FF3-927D-7477E6EFD452}.Debug|x64.Build.0 = Debug|x64
		{282C3A69-FD93-4FF3-927D-7477E6EFD452}.Debug|x86.ActiveCfg = Debug|Win32
		{282C3A69-FD93-4FF3-927D-7477E6EFD452}.Debug|x86.Build.0 = Debug|Win32
		{282C3A69-FD93-4FF3-927D-7477E6EFD452}.Release|Any CPU.ActiveCfg = Release|Win32
		{282C3A69-FD93-4FF3-927D-7477E6EFD452}.Release|x64.ActiveCfg = Release|x64
		{282C3A69-FD93-4FF3-927D-7477E6EFD452}.Release|x64.Build.0 = Release|x64
		{282C3A69-FD93-4FF3-927D-7477E6EFD452}.Release|x86.ActiveCfg = Release|Win32
		{282C3A69-FD93-4FF3-927D-7477E6EFD452}.Release|x86.Build.0 = Release|Win32
		{A7A4E6C2-11CE-470B-9F02-FEE17A25E319}.Debug|Any CPU.ActiveCfg = Debug|Any CPU
		{A7A4E6C2-11CE-470B-9F02-FEE17A25E319}.Debug|Any CPU.Build.0 = Debug|Any CPU
		{A7A4E6C2-11CE-470B-9F02-FEE17A25E319}.Debug|x64.ActiveCfg = Debug|Any CPU
		{A7A4E6C2-11CE-470B-9F02-FEE17A25E319}.Debug|x64.Build.0 = Debug|Any CPU
		{A7A4E6C2-11CE-470B-9F02-FEE17A25E319}.Debug|x86.ActiveCfg = Debug|Any CPU
		{A7A4E6C2-11CE-470B-9F02-FEE17A25E319}.Debug|x86.Build.0 = Debug|Any CPU
		{A7A4E6C2-11CE-470B-9F02-FEE17A25E319}.Release|Any CPU.ActiveCfg = Release|Any CPU
		{A7A4E6C2-11CE-470B-9F02-FEE17A25E319}.Release|Any CPU.Build.0 = Release|Any CPU
		{A7A4E6C2-11CE-470B-9F02-FEE17A25E319}.Release|x64.ActiveCfg = Release|Any CPU
		{A7A4E6C2-11CE-470B-9F02-FEE17A25E319}.Release|x64.Build.0 = Release|Any CPU
		{A7A4E6C2-11CE-470B-9F02-FEE17A25E319}.Release|x86.ActiveCfg = Release|Any CPU
		{A7A4E6C2-11CE-470B-9F02-FEE17A25E319}.Release|x86.Build.0 = Release|Any CPU
		{5C247225-C2F7-4C9F-803D-1D78DB601A5B}.Debug|Any CPU.ActiveCfg = Debug|Any CPU
		{5C247225-C2F7-4C9F-803D-1D78DB601A5B}.Debug|Any CPU.Build.0 = Debug|Any CPU
		{5C247225-C2F7-4C9F-803D-1D78DB601A5B}.Debug|x64.ActiveCfg = Debug|Any CPU
		{5C247225-C2F7-4C9F-803D-1D78DB601A5B}.Debug|x64.Build.0 = Debug|Any CPU
		{5C247225-C2F7-4C9F-803D-1D78DB601A5B}.Debug|x86.ActiveCfg = Debug|Any CPU
		{5C247225-C2F7-4C9F-803D-1D78DB601A5B}.Debug|x86.Build.0 = Debug|Any CPU
		{5C247225-C2F7-4C9F-803D-1D78DB601A5B}.Release|Any CPU.ActiveCfg = Release|Any CPU
		{5C247225-C2F7-4C9F-803D-1D78DB601A5B}.Release|Any CPU.Build.0 = Release|Any CPU
		{5C247225-C2F7-4C9F-803D-1D78DB601A5B}.Release|x64.ActiveCfg = Release|Any CPU
		{5C247225-C2F7-4C9F-803D-1D78DB601A5B}.Release|x64.Build.0 = Release|Any CPU
		{5C247225-C2F7-4C9F-803D-1D78DB601A5B}.Release|x86.ActiveCfg = Release|Any CPU
		{5C247225-C2F7-4C9F-803D-1D78DB601A5B}.Release|x86.Build.0 = Release|Any CPU
		{06977031-4BCC-40B9-A030-ABE23F47C47C}.Debug|Any CPU.ActiveCfg = Debug|Any CPU
		{06977031-4BCC-40B9-A030-ABE23F47C47C}.Debug|Any CPU.Build.0 = Debug|Any CPU
		{06977031-4BCC-40B9-A030-ABE23F47C47C}.Debug|x64.ActiveCfg = Debug|Any CPU
		{06977031-4BCC-40B9-A030-ABE23F47C47C}.Debug|x64.Build.0 = Debug|Any CPU
		{06977031-4BCC-40B9-A030-ABE23F47C47C}.Debug|x86.ActiveCfg = Debug|Any CPU
		{06977031-4BCC-40B9-A030-ABE23F47C47C}.Debug|x86.Build.0 = Debug|Any CPU
		{06977031-4BCC-40B9-A030-ABE23F47C47C}.Release|Any CPU.ActiveCfg = Release|Any CPU
		{06977031-4BCC-40B9-A030-ABE23F47C47C}.Release|Any CPU.Build.0 = Release|Any CPU
		{06977031-4BCC-40B9-A030-ABE23F47C47C}.Release|x64.ActiveCfg = Release|Any CPU
		{06977031-4BCC-40B9-A030-ABE23F47C47C}.Release|x64.Build.0 = Release|Any CPU
		{06977031-4BCC-40B9-A030-ABE23F47C47C}.Release|x86.ActiveCfg = Release|Any CPU
		{06977031-4BCC-40B9-A030-ABE23F47C47C}.Release|x86.Build.0 = Release|Any CPU
		{1FBA7816-1EEB-4A80-A26D-DA255B7BEFEE}.Debug|Any CPU.ActiveCfg = Debug|Any CPU
		{1FBA7816-1EEB-4A80-A26D-DA255B7BEFEE}.Debug|Any CPU.Build.0 = Debug|Any CPU
		{1FBA7816-1EEB-4A80-A26D-DA255B7BEFEE}.Debug|x64.ActiveCfg = Debug|Any CPU
		{1FBA7816-1EEB-4A80-A26D-DA255B7BEFEE}.Debug|x64.Build.0 = Debug|Any CPU
		{1FBA7816-1EEB-4A80-A26D-DA255B7BEFEE}.Debug|x86.ActiveCfg = Debug|Any CPU
		{1FBA7816-1EEB-4A80-A26D-DA255B7BEFEE}.Debug|x86.Build.0 = Debug|Any CPU
		{1FBA7816-1EEB-4A80-A26D-DA255B7BEFEE}.Release|Any CPU.ActiveCfg = Release|Any CPU
		{1FBA7816-1EEB-4A80-A26D-DA255B7BEFEE}.Release|Any CPU.Build.0 = Release|Any CPU
		{1FBA7816-1EEB-4A80-A26D-DA255B7BEFEE}.Release|x64.ActiveCfg = Release|Any CPU
		{1FBA7816-1EEB-4A80-A26D-DA255B7BEFEE}.Release|x64.Build.0 = Release|Any CPU
		{1FBA7816-1EEB-4A80-A26D-DA255B7BEFEE}.Release|x86.ActiveCfg = Release|Any CPU
		{1FBA7816-1EEB-4A80-A26D-DA255B7BEFEE}.Release|x86.Build.0 = Release|Any CPU
	EndGlobalSection
	GlobalSection(SolutionProperties) = preSolution
		HideSolutionNode = FALSE
	EndGlobalSection
	GlobalSection(ExtensibilityGlobals) = postSolution
		SolutionGuid = {EC4D6618-A724-45F2-A480-19AD2D01EB96}
	EndGlobalSection
EndGlobal
